Microsoft Visual Studio Solution File, Format Version 11.00
# Visual Studio 2008

Project("{B9EE94BB-11EF-ED24-88D5-EB9BE1BE11FB}") = "space_racer_x", "Assembly-CSharp.csproj", "{7F997342-3B11-709A-ADA0-09752D8F8C07}"
EndProject
Global
	GlobalSection(SolutionConfigurationPlatforms) = preSolution
		Debug|Any CPU = Debug|Any CPU
		Release|Any CPU = Release|Any CPU
	EndGlobalSection
	GlobalSection(ProjectConfigurationPlatforms) = postSolution
		{7F997342-3B11-709A-ADA0-09752D8F8C07}.Debug|Any CPU.ActiveCfg = Debug|Any CPU
		{7F997342-3B11-709A-ADA0-09752D8F8C07}.Debug|Any CPU.Build.0 = Debug|Any CPU
		{7F997342-3B11-709A-ADA0-09752D8F8C07}.Release|Any CPU.ActiveCfg = Release|Any CPU
		{7F997342-3B11-709A-ADA0-09752D8F8C07}.Release|Any CPU.Build.0 = Release|Any CPU
	EndGlobalSection
	GlobalSection(SolutionProperties) = preSolution
		HideSolutionNode = FALSE
	EndGlobalSection
	GlobalSection(MonoDevelopProperties) = preSolution
		StartupItem = Assembly-CSharp.csproj
	EndGlobalSection
EndGlobal
